Microsoft Visual Studio Solution File, Format Version 12.00
# Visual Studio 15
VisualStudioVersion = 15.0.26124.0
MinimumVisualStudioVersion = 15.0.26124.0
Project("{2150E333-8FDC-42A3-9474-1A3956D46DE8}") = "src", "src", "{B09F67EA-CC49-4868-BC50-C8A6D2F0EBE4}"
EndProject
Project("{FAE04EC0-301F-11D3-BF4B-00C04F79EFBC}") = "cloudflare-ddns", "src\cloudflare-ddns\cloudflare-ddns.csproj", "{6B9FCAE6-7A4A-4D4F-AAB3-E7E5111F838A}"
EndProject
Project("{2150E333-8FDC-42A3-9474-1A3956D46DE8}") = "test", "test", "{886B4AD7-A2C7-4CCF-902D-DE2244040862}"
EndProject
Project("{FAE04EC0-301F-11D3-BF4B-00C04F79EFBC}") = "CloudflareDDNS.Tests", "test\CloudflareDDNS.Tests\CloudflareDDNS.Tests.csproj", "{0651D931-3160-4638-BB03-2E7700F1E9B0}"
EndProject
Global
	GlobalSection(SolutionConfigurationPlatforms) = preSolution
		Debug|Any CPU = Debug|Any CPU
		Debug|x64 = Debug|x64
		Debug|x86 = Debug|x86
		Release|Any CPU = Release|Any CPU
		Release|x64 = Release|x64
		Release|x86 = Release|x86
	EndGlobalSection
	GlobalSection(SolutionProperties) = preSolution
		HideSolutionNode = FALSE
	EndGlobalSection
	GlobalSection(ProjectConfigurationPlatforms) = postSolution
		{6B9FCAE6-7A4A-4D4F-AAB3-E7E5111F838A}.Debug|Any CPU.ActiveCfg = Debug|Any CPU
		{6B9FCAE6-7A4A-4D4F-AAB3-E7E5111F838A}.Debug|Any CPU.Build.0 = Debug|Any CPU
		{6B9FCAE6-7A4A-4D4F-AAB3-E7E5111F838A}.Debug|x64.ActiveCfg = Debug|Any CPU
		{6B9FCAE6-7A4A-4D4F-AAB3-E7E5111F838A}.Debug|x64.Build.0 = Debug|Any CPU
		{6B9FCAE6-7A4A-4D4F-AAB3-E7E5111F838A}.Debug|x86.ActiveCfg = Debug|Any CPU
		{6B9FCAE6-7A4A-4D4F-AAB3-E7E5111F838A}.Debug|x86.Build.0 = Debug|Any CPU
		{6B9FCAE6-7A4A-4D4F-AAB3-E7E5111F838A}.Release|Any CPU.ActiveCfg = Release|Any CPU
		{6B9FCAE6-7A4A-4D4F-AAB3-E7E5111F838A}.Release|Any CPU.Build.0 = Release|Any CPU
		{6B9FCAE6-7A4A-4D4F-AAB3-E7E5111F838A}.Release|x64.ActiveCfg = Release|Any CPU
		{6B9FCAE6-7A4A-4D4F-AAB3-E7E5111F838A}.Release|x64.Build.0 = Release|Any CPU
		{6B9FCAE6-7A4A-4D4F-AAB3-E7E5111F838A}.Release|x86.ActiveCfg = Release|Any CPU
		{6B9FCAE6-7A4A-4D4F-AAB3-E7E5111F838A}.Release|x86.Build.0 = Release|Any CPU
		{0651D931-3160-4638-BB03-2E7700F1E9B0}.Debug|Any CPU.ActiveCfg = Debug|Any CPU
		{0651D931-3160-4638-BB03-2E7700F1E9B0}.Debug|Any CPU.Build.0 = Debug|Any CPU
		{0651D931-3160-4638-BB03-2E7700F1E9B0}.Debug|x64.ActiveCfg = Debug|Any CPU
		{0651D931-3160-4638-BB03-2E7700F1E9B0}.Debug|x64.Build.0 = Debug|Any CPU
		{0651D931-3160-4638-BB03-2E7700F1E9B0}.Debug|x86.ActiveCfg = Debug|Any CPU
		{0651D931-3160-4638-BB03-2E7700F1E9B0}.Debug|x86.Build.0 = Debug|Any CPU
		{0651D931-3160-4638-BB03-2E7700F1E9B0}.Release|Any CPU.ActiveCfg = Release|Any CPU
		{0651D931-3160-4638-BB03-2E7700F1E9B0}.Release|Any CPU.Build.0 = Release|Any CPU
		{0651D931-3160-4638-BB03-2E7700F1E9B0}.Release|x64.ActiveCfg = Release|Any CPU
		{0651D931-3160-4638-BB03-2E7700F1E9B0}.Release|x64.Build.0 = Release|Any CPU
		{0651D931-3160-4638-BB03-2E7700F1E9B0}.Release|x86.ActiveCfg = Release|Any CPU
		{0651D931-3160-4638-BB03-2E7700F1E9B0}.Release|x86.Build.0 = Release|Any CPU
	EndGlobalSection
	GlobalSection(NestedProjects) = preSolution
		{6B9FCAE6-7A4A-4D4F-AAB3-E7E5111F838A} = {B09F67EA-CC49-4868-BC50-C8A6D2F0EBE4}
		{0651D931-3160-4638-BB03-2E7700F1E9B0} = {886B4AD7-A2C7-4CCF-902D-DE2244040862}
	EndGlobalSection
EndGlobal
